// !$*UTF8*$!
{
	archiveVersion = 1;
	classes = {
	};
	objectVersion = 52;
	objects = {

/* Begin PBXBuildFile section */
		15493FD626986803009B9ACA /* Message.swift in Sources */ = {isa = PBXBuildFile; fileRef = 15493FD526986803009B9ACA /* Message.swift */; };
		154D9DD726988E94004EAD5B /* ChatModel.swift in Sources */ = {isa = PBXBuildFile; fileRef = 154D9DD626988E93004EAD5B /* ChatModel.swift */; };
		155CEEF4269367CE0074CADD /* MessageBubble.swift in Sources */ = {isa = PBXBuildFile; fileRef = 155CEEF3269367CE0074CADD /* MessageBubble.swift */; };
		155CEEFD26938D4E0074CADD /* UITableView+Extension.swift in Sources */ = {isa = PBXBuildFile; fileRef = 155CEEFC26938D4E0074CADD /* UITableView+Extension.swift */; };
		1567619826A357D70064431F /* Question.swift in Sources */ = {isa = PBXBuildFile; fileRef = 1567619726A357D60064431F /* Question.swift */; };
		1567619C26A35BEA0064431F /* QuestionPanGesture.swift in Sources */ = {isa = PBXBuildFile; fileRef = 1567619B26A35BEA0064431F /* QuestionPanGesture.swift */; };
		15685D7A26A0B09300444AB0 /* Alerts.swift in Sources */ = {isa = PBXBuildFile; fileRef = 15685D7926A0B09300444AB0 /* Alerts.swift */; };
		158D18D226A060B600D506FA /* Nunito-Regular.ttf in Resources */ = {isa = PBXBuildFile; fileRef = 158D18D026A060B500D506FA /* Nunito-Regular.ttf */; };
		158D18D326A060B600D506FA /* Nunito-Bold.ttf in Resources */ = {isa = PBXBuildFile; fileRef = 158D18D126A060B600D506FA /* Nunito-Bold.ttf */; };
		15AB4FD826B4B8BC0028099B /* ChatViewEvents.swift in Sources */ = {isa = PBXBuildFile; fileRef = 15AB4FD726B4B8BC0028099B /* ChatViewEvents.swift */; };
		15B571BA2697A85100A9E425 /* ChatPresenter.swift in Sources */ = {isa = PBXBuildFile; fileRef = 15B571B92697A85100A9E425 /* ChatPresenter.swift */; };
		15B571BD2697AD0000A9E425 /* UIDevice+Extension.swift in Sources */ = {isa = PBXBuildFile; fileRef = 15B571BC2697AD0000A9E425 /* UIDevice+Extension.swift */; };
		15BB491026B1951100A9BD73 /* NetworkStorage.swift in Sources */ = {isa = PBXBuildFile; fileRef = 15BB490F26B1951100A9BD73 /* NetworkStorage.swift */; };
		15BB491226B196FF00A9BD73 /* NetworkError.swift in Sources */ = {isa = PBXBuildFile; fileRef = 15BB491126B196FF00A9BD73 /* NetworkError.swift */; };
		15BB491626B1ACF000A9BD73 /* PresentationDelegatable.swift in Sources */ = {isa = PBXBuildFile; fileRef = 15BB491526B1ACF000A9BD73 /* PresentationDelegatable.swift */; };
		15BD4AA6269F16BD00A72F5D /* MessageKit in Frameworks */ = {isa = PBXBuildFile; productRef = 15BD4AA5269F16BD00A72F5D /* MessageKit */; };
		15BD4AA8269F597E00A72F5D /* Player.swift in Sources */ = {isa = PBXBuildFile; fileRef = 15BD4AA7269F597E00A72F5D /* Player.swift */; };
		15BD4AAA269F5F6A00A72F5D /* ChatInputBar.swift in Sources */ = {isa = PBXBuildFile; fileRef = 15BD4AA9269F5F6A00A72F5D /* ChatInputBar.swift */; };
		15BD4AAC269F5F8B00A72F5D /* ChatDataSource.swift in Sources */ = {isa = PBXBuildFile; fileRef = 15BD4AAB269F5F8B00A72F5D /* ChatDataSource.swift */; };
		15BD4AAE269F5FAF00A72F5D /* ChatMessageDisplay.swift in Sources */ = {isa = PBXBuildFile; fileRef = 15BD4AAD269F5FAF00A72F5D /* ChatMessageDisplay.swift */; };
		15BD4AB1269F658F00A72F5D /* ChatViewDelegate.swift in Sources */ = {isa = PBXBuildFile; fileRef = 15BD4AB0269F658F00A72F5D /* ChatViewDelegate.swift */; };
		15BD4AB3269F67F900A72F5D /* ChatPresenterEvents.swift in Sources */ = {isa = PBXBuildFile; fileRef = 15BD4AB2269F67F900A72F5D /* ChatPresenterEvents.swift */; };
		15BD4AB6269F685100A72F5D /* ChatModelDelegate.swift in Sources */ = {isa = PBXBuildFile; fileRef = 15BD4AB5269F685100A72F5D /* ChatModelDelegate.swift */; };
		15BD4AB8269F6BC600A72F5D /* ChatViewLayout.swift in Sources */ = {isa = PBXBuildFile; fileRef = 15BD4AB7269F6BC600A72F5D /* ChatViewLayout.swift */; };
		15BD4ABA269F994C00A72F5D /* ChatCellDelegate.swift in Sources */ = {isa = PBXBuildFile; fileRef = 15BD4AB9269F994B00A72F5D /* ChatCellDelegate.swift */; };
		15BD4ABC269F9A5D00A72F5D /* CGSize+Extension.swift in Sources */ = {isa = PBXBuildFile; fileRef = 15BD4ABB269F9A5D00A72F5D /* CGSize+Extension.swift */; };
		15BD4ABE269FA8F100A72F5D /* AnimalView.swift in Sources */ = {isa = PBXBuildFile; fileRef = 15BD4ABD269FA8F100A72F5D /* AnimalView.swift */; };
		15D07D1C26972B320085C351 /* Network.swift in Sources */ = {isa = PBXBuildFile; fileRef = 15D07D1B26972B320085C351 /* Network.swift */; };
		15D70AC22693BC1A00E10BCD /* GoogleService-Info.plist in Resources */ = {isa = PBXBuildFile; fileRef = 15D70AC12693BC1A00E10BCD /* GoogleService-Info.plist */; };
		15D70AC32693BC1A00E10BCD /* GoogleService-Info.plist in Resources */ = {isa = PBXBuildFile; fileRef = 15D70AC12693BC1A00E10BCD /* GoogleService-Info.plist */; };
		15D70AC42693BC1A00E10BCD /* GoogleService-Info.plist in Resources */ = {isa = PBXBuildFile; fileRef = 15D70AC12693BC1A00E10BCD /* GoogleService-Info.plist */; };
		15D70AC72693BD9000E10BCD /* FirebaseAnalytics in Frameworks */ = {isa = PBXBuildFile; productRef = 15D70AC62693BD9000E10BCD /* FirebaseAnalytics */; };
		15D70AC92693BD9000E10BCD /* FirebaseDatabase in Frameworks */ = {isa = PBXBuildFile; productRef = 15D70AC82693BD9000E10BCD /* FirebaseDatabase */; };
		15D70ACB2693BD9000E10BCD /* FirebaseFirestore in Frameworks */ = {isa = PBXBuildFile; productRef = 15D70ACA2693BD9000E10BCD /* FirebaseFirestore */; };
		15D70ACD2693BD9000E10BCD /* FirebaseStorage in Frameworks */ = {isa = PBXBuildFile; productRef = 15D70ACC2693BD9000E10BCD /* FirebaseStorage */; };
		15D70AD02693BFB100E10BCD /* FirebaseAuth in Frameworks */ = {isa = PBXBuildFile; productRef = 15D70ACF2693BFB100E10BCD /* FirebaseAuth */; };
		15DB9DD326926E840033356F /* AppDelegate.swift in Sources */ = {isa = PBXBuildFile; fileRef = 15DB9DD226926E840033356F /* AppDelegate.swift */; };
		15DB9DD526926E840033356F /* SceneDelegate.swift in Sources */ = {isa = PBXBuildFile; fileRef = 15DB9DD426926E840033356F /* SceneDelegate.swift */; };
		15DB9DD726926E840033356F /* ViewController.swift in Sources */ = {isa = PBXBuildFile; fileRef = 15DB9DD626926E840033356F /* ViewController.swift */; };
		15DB9DDA26926E840033356F /* Main.storyboard in Resources */ = {isa = PBXBuildFile; fileRef = 15DB9DD826926E840033356F /* Main.storyboard */; };
		15DB9DDC26926E850033356F /* Assets.xcassets in Resources */ = {isa = PBXBuildFile; fileRef = 15DB9DDB26926E850033356F /* Assets.xcassets */; };
		15DB9DDF26926E850033356F /* LaunchScreen.storyboard in Resources */ = {isa = PBXBuildFile; fileRef = 15DB9DDD26926E850033356F /* LaunchScreen.storyboard */; };
		15DB9DEA26926E850033356F /* FriendGuesserTests.swift in Sources */ = {isa = PBXBuildFile; fileRef = 15DB9DE926926E850033356F /* FriendGuesserTests.swift */; };
		15DB9DF526926E860033356F /* FriendGuesserUITests.swift in Sources */ = {isa = PBXBuildFile; fileRef = 15DB9DF426926E860033356F /* FriendGuesserUITests.swift */; };
		15DB9E0326926F260033356F /* MessageCell.swift in Sources */ = {isa = PBXBuildFile; fileRef = 15DB9E0226926F260033356F /* MessageCell.swift */; };
		15DB9E0526926F3C0033356F /* MessageCell.xib in Resources */ = {isa = PBXBuildFile; fileRef = 15DB9E0426926F3C0033356F /* MessageCell.xib */; };
		15DB9E0726926FAF0033356F /* UIView+Extension.swift in Sources */ = {isa = PBXBuildFile; fileRef = 15DB9E0626926FAF0033356F /* UIView+Extension.swift */; };
		15DB9E09269270120033356F /* ChatVC.swift in Sources */ = {isa = PBXBuildFile; fileRef = 15DB9E08269270120033356F /* ChatVC.swift */; };
		15DB9E0E26927FE60033356F /* UITableViewCell+Extension.swift in Sources */ = {isa = PBXBuildFile; fileRef = 15DB9E0D26927FE60033356F /* UITableViewCell+Extension.swift */; };
		15DB9E10269288BD0033356F /* Animal.swift in Sources */ = {isa = PBXBuildFile; fileRef = 15DB9E0F269288BD0033356F /* Animal.swift */; };
/* End PBXBuildFile section */

/* Begin PBXContainerItemProxy section */
		15DB9DE626926E850033356F /* PBXContainerItemProxy */ = {
			isa = PBXContainerItemProxy;
			containerPortal = 15DB9DC726926E840033356F /* Project object */;
			proxyType = 1;
			remoteGlobalIDString = 15DB9DCE26926E840033356F;
			remoteInfo = FriendGuesser;
		};
		15DB9DF126926E860033356F /* PBXContainerItemProxy */ = {
			isa = PBXContainerItemProxy;
			containerPortal = 15DB9DC726926E840033356F /* Project object */;
			proxyType = 1;
			remoteGlobalIDString = 15DB9DCE26926E840033356F;
			remoteInfo = FriendGuesser;
		};
/* End PBXContainerItemProxy section */

/* Begin PBXFileReference section */
		15493FD526986803009B9ACA /* Message.swift */ = {isa = PBXFileReference; lastKnownFileType = sourcecode.swift; path = Message.swift; sourceTree = "<group>"; };
		154D9DD626988E93004EAD5B /* ChatModel.swift */ = {isa = PBXFileReference; lastKnownFileType = sourcecode.swift; path = ChatModel.swift; sourceTree = "<group>"; };
		155CEEF3269367CE0074CADD /* MessageBubble.swift */ = {isa = PBXFileReference; lastKnownFileType = sourcecode.swift; path = MessageBubble.swift; sourceTree = "<group>"; };
		155CEEFC26938D4E0074CADD /* UITableView+Extension.swift */ = {isa = PBXFileReference; lastKnownFileType = sourcecode.swift; path = "UITableView+Extension.swift"; sourceTree = "<group>"; };
		1567619726A357D60064431F /* Question.swift */ = {isa = PBXFileReference; lastKnownFileType = sourcecode.swift; path = Question.swift; sourceTree = "<group>"; };
		1567619B26A35BEA0064431F /* QuestionPanGesture.swift */ = {isa = PBXFileReference; lastKnownFileType = sourcecode.swift; path = QuestionPanGesture.swift; sourceTree = "<group>"; };
		15685D7926A0B09300444AB0 /* Alerts.swift */ = {isa = PBXFileReference; lastKnownFileType = sourcecode.swift; path = Alerts.swift; sourceTree = "<group>"; };
		158D18D026A060B500D506FA /* Nunito-Regular.ttf */ = {isa = PBXFileReference; lastKnownFileType = file; path = "Nunito-Regular.ttf"; sourceTree = "<group>"; };
		158D18D126A060B600D506FA /* Nunito-Bold.ttf */ = {isa = PBXFileReference; lastKnownFileType = file; path = "Nunito-Bold.ttf"; sourceTree = "<group>"; };
		15AB4FD726B4B8BC0028099B /* ChatViewEvents.swift */ = {isa = PBXFileReference; lastKnownFileType = sourcecode.swift; path = ChatViewEvents.swift; sourceTree = "<group>"; };
		15B571B92697A85100A9E425 /* ChatPresenter.swift */ = {isa = PBXFileReference; lastKnownFileType = sourcecode.swift; path = ChatPresenter.swift; sourceTree = "<group>"; };
		15B571BC2697AD0000A9E425 /* UIDevice+Extension.swift */ = {isa = PBXFileReference; lastKnownFileType = sourcecode.swift; path = "UIDevice+Extension.swift"; sourceTree = "<group>"; };
		15BB490F26B1951100A9BD73 /* NetworkStorage.swift */ = {isa = PBXFileReference; lastKnownFileType = sourcecode.swift; path = NetworkStorage.swift; sourceTree = "<group>"; };
		15BB491126B196FF00A9BD73 /* NetworkError.swift */ = {isa = PBXFileReference; lastKnownFileType = sourcecode.swift; path = NetworkError.swift; sourceTree = "<group>"; };
		15BB491526B1ACF000A9BD73 /* PresentationDelegatable.swift */ = {isa = PBXFileReference; lastKnownFileType = sourcecode.swift; path = PresentationDelegatable.swift; sourceTree = "<group>"; };
		15BD4AA7269F597E00A72F5D /* Player.swift */ = {isa = PBXFileReference; lastKnownFileType = sourcecode.swift; path = Player.swift; sourceTree = "<group>"; };
		15BD4AA9269F5F6A00A72F5D /* ChatInputBar.swift */ = {isa = PBXFileReference; lastKnownFileType = sourcecode.swift; path = ChatInputBar.swift; sourceTree = "<group>"; };
		15BD4AAB269F5F8B00A72F5D /* ChatDataSource.swift */ = {isa = PBXFileReference; lastKnownFileType = sourcecode.swift; path = ChatDataSource.swift; sourceTree = "<group>"; };
		15BD4AAD269F5FAF00A72F5D /* ChatMessageDisplay.swift */ = {isa = PBXFileReference; lastKnownFileType = sourcecode.swift; path = ChatMessageDisplay.swift; sourceTree = "<group>"; };
		15BD4AB0269F658F00A72F5D /* ChatViewDelegate.swift */ = {isa = PBXFileReference; lastKnownFileType = sourcecode.swift; path = ChatViewDelegate.swift; sourceTree = "<group>"; };
		15BD4AB2269F67F900A72F5D /* ChatPresenterEvents.swift */ = {isa = PBXFileReference; lastKnownFileType = sourcecode.swift; path = ChatPresenterEvents.swift; sourceTree = "<group>"; };
		15BD4AB5269F685100A72F5D /* ChatModelDelegate.swift */ = {isa = PBXFileReference; lastKnownFileType = sourcecode.swift; path = ChatModelDelegate.swift; sourceTree = "<group>"; };
		15BD4AB7269F6BC600A72F5D /* ChatViewLayout.swift */ = {isa = PBXFileReference; lastKnownFileType = sourcecode.swift; path = ChatViewLayout.swift; sourceTree = "<group>"; };
		15BD4AB9269F994B00A72F5D /* ChatCellDelegate.swift */ = {isa = PBXFileReference; lastKnownFileType = sourcecode.swift; path = ChatCellDelegate.swift; sourceTree = "<group>"; };
		15BD4ABB269F9A5D00A72F5D /* CGSize+Extension.swift */ = {isa = PBXFileReference; lastKnownFileType = sourcecode.swift; path = "CGSize+Extension.swift"; sourceTree = "<group>"; };
		15BD4ABD269FA8F100A72F5D /* AnimalView.swift */ = {isa = PBXFileReference; lastKnownFileType = sourcecode.swift; path = AnimalView.swift; sourceTree = "<group>"; };
		15D07D1B26972B320085C351 /* Network.swift */ = {isa = PBXFileReference; lastKnownFileType = sourcecode.swift; path = Network.swift; sourceTree = "<group>"; };
		15D70AC12693BC1A00E10BCD /* GoogleService-Info.plist */ = {isa = PBXFileReference; fileEncoding = 4; lastKnownFileType = text.plist.xml; path = "GoogleService-Info.plist"; sourceTree = "<group>"; };
		15DB9DCF26926E840033356F /* FriendGuesser.app */ = {isa = PBXFileReference; explicitFileType = wrapper.application; includeInIndex = 0; path = FriendGuesser.app; sourceTree = BUILT_PRODUCTS_DIR; };
		15DB9DD226926E840033356F /* AppDelegate.swift */ = {isa = PBXFileReference; lastKnownFileType = sourcecode.swift; path = AppDelegate.swift; sourceTree = "<group>"; };
		15DB9DD426926E840033356F /* SceneDelegate.swift */ = {isa = PBXFileReference; lastKnownFileType = sourcecode.swift; path = SceneDelegate.swift; sourceTree = "<group>"; };
		15DB9DD626926E840033356F /* ViewController.swift */ = {isa = PBXFileReference; lastKnownFileType = sourcecode.swift; path = ViewController.swift; sourceTree = "<group>"; };
		15DB9DD926926E840033356F /* Base */ = {isa = PBXFileReference; lastKnownFileType = file.storyboard; name = Base; path = Base.lproj/Main.storyboard; sourceTree = "<group>"; };
		15DB9DDB26926E850033356F /* Assets.xcassets */ = {isa = PBXFileReference; lastKnownFileType = folder.assetcatalog; path = Assets.xcassets; sourceTree = "<group>"; };
		15DB9DDE26926E850033356F /* Base */ = {isa = PBXFileReference; lastKnownFileType = file.storyboard; name = Base; path = Base.lproj/LaunchScreen.storyboard; sourceTree = "<group>"; };
		15DB9DE026926E850033356F /* Info.plist */ = {isa = PBXFileReference; lastKnownFileType = text.plist.xml; path = Info.plist; sourceTree = "<group>"; };
		15DB9DE526926E850033356F /* FriendGuesserTests.xctest */ = {isa = PBXFileReference; explicitFileType = wrapper.cfbundle; includeInIndex = 0; path = FriendGuesserTests.xctest; sourceTree = BUILT_PRODUCTS_DIR; };
		15DB9DE926926E850033356F /* FriendGuesserTests.swift */ = {isa = PBXFileReference; lastKnownFileType = sourcecode.swift; path = FriendGuesserTests.swift; sourceTree = "<group>"; };
		15DB9DEB26926E850033356F /* Info.plist */ = {isa = PBXFileReference; lastKnownFileType = text.plist.xml; path = Info.plist; sourceTree = "<group>"; };
		15DB9DF026926E860033356F /* FriendGuesserUITests.xctest */ = {isa = PBXFileReference; explicitFileType = wrapper.cfbundle; includeInIndex = 0; path = FriendGuesserUITests.xctest; sourceTree = BUILT_PRODUCTS_DIR; };
		15DB9DF426926E860033356F /* FriendGuesserUITests.swift */ = {isa = PBXFileReference; lastKnownFileType = sourcecode.swift; path = FriendGuesserUITests.swift; sourceTree = "<group>"; };
		15DB9DF626926E860033356F /* Info.plist */ = {isa = PBXFileReference; lastKnownFileType = text.plist.xml; path = Info.plist; sourceTree = "<group>"; };
		15DB9E0226926F260033356F /* MessageCell.swift */ = {isa = PBXFileReference; lastKnownFileType = sourcecode.swift; path = MessageCell.swift; sourceTree = "<group>"; };
		15DB9E0426926F3C0033356F /* MessageCell.xib */ = {isa = PBXFileReference; lastKnownFileType = file.xib; path = MessageCell.xib; sourceTree = "<group>"; };
		15DB9E0626926FAF0033356F /* UIView+Extension.swift */ = {isa = PBXFileReference; lastKnownFileType = sourcecode.swift; path = "UIView+Extension.swift"; sourceTree = "<group>"; };
		15DB9E08269270120033356F /* ChatVC.swift */ = {isa = PBXFileReference; lastKnownFileType = sourcecode.swift; path = ChatVC.swift; sourceTree = "<group>"; };
		15DB9E0D26927FE60033356F /* UITableViewCell+Extension.swift */ = {isa = PBXFileReference; lastKnownFileType = sourcecode.swift; path = "UITableViewCell+Extension.swift"; sourceTree = "<group>"; };
		15DB9E0F269288BD0033356F /* Animal.swift */ = {isa = PBXFileReference; lastKnownFileType = sourcecode.swift; path = Animal.swift; sourceTree = "<group>"; };
/* End PBXFileReference section */

/* Begin PBXFrameworksBuildPhase section */
		15DB9DCC26926E840033356F /* Frameworks */ = {
			isa = PBXFrameworksBuildPhase;
			buildActionMask = 2147483647;
			files = (
				15D70AC92693BD9000E10BCD /* FirebaseDatabase in Frameworks */,
				15D70AD02693BFB100E10BCD /* FirebaseAuth in Frameworks */,
				15D70ACB2693BD9000E10BCD /* FirebaseFirestore in Frameworks */,
				15BD4AA6269F16BD00A72F5D /* MessageKit in Frameworks */,
				15D70AC72693BD9000E10BCD /* FirebaseAnalytics in Frameworks */,
				15D70ACD2693BD9000E10BCD /* FirebaseStorage in Frameworks */,
			);
			runOnlyForDeploymentPostprocessing = 0;
		};
		15DB9DE226926E850033356F /* Frameworks */ = {
			isa = PBXFrameworksBuildPhase;
			buildActionMask = 2147483647;
			files = (
			);
			runOnlyForDeploymentPostprocessing = 0;
		};
		15DB9DED26926E860033356F /* Frameworks */ = {
			isa = PBXFrameworksBuildPhase;
			buildActionMask = 2147483647;
			files = (
			);
			runOnlyForDeploymentPostprocessing = 0;
		};
/* End PBXFrameworksBuildPhase section */

/* Begin PBXGroup section */
		15493FD726986846009B9ACA /* Entities */ = {
			isa = PBXGroup;
			children = (
				15DB9E0F269288BD0033356F /* Animal.swift */,
				1567619726A357D60064431F /* Question.swift */,
				15493FD526986803009B9ACA /* Message.swift */,
				15BD4AA7269F597E00A72F5D /* Player.swift */,
			);
			path = Entities;
			sourceTree = "<group>";
		};
		1567619926A35A550064431F /* MessageSetting */ = {
			isa = PBXGroup;
			children = (
				15BD4AB0269F658F00A72F5D /* ChatViewDelegate.swift */,
				15BD4AB7269F6BC600A72F5D /* ChatViewLayout.swift */,
				15BD4AB9269F994B00A72F5D /* ChatCellDelegate.swift */,
				15BD4AAD269F5FAF00A72F5D /* ChatMessageDisplay.swift */,
				15BD4AAB269F5F8B00A72F5D /* ChatDataSource.swift */,
				15BD4AA9269F5F6A00A72F5D /* ChatInputBar.swift */,
			);
			path = MessageSetting;
			sourceTree = "<group>";
		};
		1567619A26A35A620064431F /* QuestionSetting */ = {
			isa = PBXGroup;
			children = (
				1567619B26A35BEA0064431F /* QuestionPanGesture.swift */,
			);
			path = QuestionSetting;
			sourceTree = "<group>";
		};
		15685D7826A0B08400444AB0 /* PopUp */ = {
			isa = PBXGroup;
			children = (
				15685D7926A0B09300444AB0 /* Alerts.swift */,
			);
			path = PopUp;
			sourceTree = "<group>";
		};
		15685D7B26A0FA9F00444AB0 /* Question */ = {
			isa = PBXGroup;
			children = (
			);
			path = Question;
			sourceTree = "<group>";
		};
		15B571BB2697ACEA00A9E425 /* Chat */ = {
			isa = PBXGroup;
			children = (
				15BD4AAF269F63FF00A72F5D /* View */,
				15BD4AB4269F682E00A72F5D /* Presenter */,
				154D9DD626988E93004EAD5B /* ChatModel.swift */,
				15BD4AB5269F685100A72F5D /* ChatModelDelegate.swift */,
			);
			path = Chat;
			sourceTree = "<group>";
		};
		15B571BE2697AD0700A9E425 /* Extensions */ = {
			isa = PBXGroup;
			children = (
				15DB9E0626926FAF0033356F /* UIView+Extension.swift */,
				15BD4ABB269F9A5D00A72F5D /* CGSize+Extension.swift */,
				155CEEFC26938D4E0074CADD /* UITableView+Extension.swift */,
				15DB9E0D26927FE60033356F /* UITableViewCell+Extension.swift */,
				15B571BC2697AD0000A9E425 /* UIDevice+Extension.swift */,
			);
			path = Extensions;
			sourceTree = "<group>";
		};
		15BD4AAF269F63FF00A72F5D /* View */ = {
			isa = PBXGroup;
			children = (
				15DB9E08269270120033356F /* ChatVC.swift */,
				15AB4FD726B4B8BC0028099B /* ChatViewEvents.swift */,
				1567619A26A35A620064431F /* QuestionSetting */,
				1567619926A35A550064431F /* MessageSetting */,
			);
			path = View;
			sourceTree = "<group>";
		};
		15BD4AB4269F682E00A72F5D /* Presenter */ = {
			isa = PBXGroup;
			children = (
				15B571B92697A85100A9E425 /* ChatPresenter.swift */,
				15BD4AB2269F67F900A72F5D /* ChatPresenterEvents.swift */,
			);
			path = Presenter;
			sourceTree = "<group>";
		};
		15D07D1A26972B1E0085C351 /* Network */ = {
			isa = PBXGroup;
			children = (
				15D07D1B26972B320085C351 /* Network.swift */,
				15BB491126B196FF00A9BD73 /* NetworkError.swift */,
				15BB490F26B1951100A9BD73 /* NetworkStorage.swift */,
			);
			path = Network;
			sourceTree = "<group>";
		};
		15D70ACE2693BFB100E10BCD /* Frameworks */ = {
			isa = PBXGroup;
			children = (
			);
			name = Frameworks;
			sourceTree = "<group>";
		};
		15DB9DC626926E840033356F = {
			isa = PBXGroup;
			children = (
				15D70AC12693BC1A00E10BCD /* GoogleService-Info.plist */,
				15DB9DD126926E840033356F /* FriendGuesser */,
				15DB9DE826926E850033356F /* FriendGuesserTests */,
				15DB9DF326926E860033356F /* FriendGuesserUITests */,
				15DB9DD026926E840033356F /* Products */,
				15D70ACE2693BFB100E10BCD /* Frameworks */,
			);
			sourceTree = "<group>";
		};
		15DB9DD026926E840033356F /* Products */ = {
			isa = PBXGroup;
			children = (
				15DB9DCF26926E840033356F /* FriendGuesser.app */,
				15DB9DE526926E850033356F /* FriendGuesserTests.xctest */,
				15DB9DF026926E860033356F /* FriendGuesserUITests.xctest */,
			);
			name = Products;
			sourceTree = "<group>";
		};
		15DB9DD126926E840033356F /* FriendGuesser */ = {
			isa = PBXGroup;
			children = (
				15DB9DD226926E840033356F /* AppDelegate.swift */,
				15DB9DD426926E840033356F /* SceneDelegate.swift */,
				15BD4ABD269FA8F100A72F5D /* AnimalView.swift */,
				15685D7826A0B08400444AB0 /* PopUp */,
				15B571BE2697AD0700A9E425 /* Extensions */,
				15DB9DD626926E840033356F /* ViewController.swift */,
				15BB491526B1ACF000A9BD73 /* PresentationDelegatable.swift */,
				15685D7B26A0FA9F00444AB0 /* Question */,
				15B571BB2697ACEA00A9E425 /* Chat */,
				15493FD726986846009B9ACA /* Entities */,
				15D07D1A26972B1E0085C351 /* Network */,
				15DB9E0A2692703E0033356F /* Cells */,
				15DB9DD826926E840033356F /* Main.storyboard */,
				15DB9DDB26926E850033356F /* Assets.xcassets */,
				158D18D126A060B600D506FA /* Nunito-Bold.ttf */,
				158D18D026A060B500D506FA /* Nunito-Regular.ttf */,
				15DB9DDD26926E850033356F /* LaunchScreen.storyboard */,
				15DB9DE026926E850033356F /* Info.plist */,
			);
			path = FriendGuesser;
			sourceTree = "<group>";
		};
		15DB9DE826926E850033356F /* FriendGuesserTests */ = {
			isa = PBXGroup;
			children = (
				15DB9DE926926E850033356F /* FriendGuesserTests.swift */,
				15DB9DEB26926E850033356F /* Info.plist */,
			);
			path = FriendGuesserTests;
			sourceTree = "<group>";
		};
		15DB9DF326926E860033356F /* FriendGuesserUITests */ = {
			isa = PBXGroup;
			children = (
				15DB9DF426926E860033356F /* FriendGuesserUITests.swift */,
				15DB9DF626926E860033356F /* Info.plist */,
			);
			path = FriendGuesserUITests;
			sourceTree = "<group>";
		};
		15DB9E0A2692703E0033356F /* Cells */ = {
			isa = PBXGroup;
			children = (
				15DB9E0226926F260033356F /* MessageCell.swift */,
				15DB9E0426926F3C0033356F /* MessageCell.xib */,
				155CEEF3269367CE0074CADD /* MessageBubble.swift */,
			);
			path = Cells;
			sourceTree = "<group>";
		};
/* End PBXGroup section */

/* Begin PBXNativeTarget section */
		15DB9DCE26926E840033356F /* FriendGuesser */ = {
			isa = PBXNativeTarget;
			buildConfigurationList = 15DB9DF926926E860033356F /* Build configuration list for PBXNativeTarget "FriendGuesser" */;
			buildPhases = (
				15DB9DCB26926E840033356F /* Sources */,
				15DB9DCC26926E840033356F /* Frameworks */,
				15DB9DCD26926E840033356F /* Resources */,
			);
			buildRules = (
			);
			dependencies = (
			);
			name = FriendGuesser;
			packageProductDependencies = (
				15D70AC62693BD9000E10BCD /* FirebaseAnalytics */,
				15D70AC82693BD9000E10BCD /* FirebaseDatabase */,
				15D70ACA2693BD9000E10BCD /* FirebaseFirestore */,
				15D70ACC2693BD9000E10BCD /* FirebaseStorage */,
				15D70ACF2693BFB100E10BCD /* FirebaseAuth */,
				15BD4AA5269F16BD00A72F5D /* MessageKit */,
			);
			productName = FriendGuesser;
			productReference = 15DB9DCF26926E840033356F /* FriendGuesser.app */;
			productType = "com.apple.product-type.application";
		};
		15DB9DE426926E850033356F /* FriendGuesserTests */ = {
			isa = PBXNativeTarget;
			buildConfigurationList = 15DB9DFC26926E860033356F /* Build configuration list for PBXNativeTarget "FriendGuesserTests" */;
			buildPhases = (
				15DB9DE126926E850033356F /* Sources */,
				15DB9DE226926E850033356F /* Frameworks */,
				15DB9DE326926E850033356F /* Resources */,
			);
			buildRules = (
			);
			dependencies = (
				15DB9DE726926E850033356F /* PBXTargetDependency */,
			);
			name = FriendGuesserTests;
			productName = FriendGuesserTests;
			productReference = 15DB9DE526926E850033356F /* FriendGuesserTests.xctest */;
			productType = "com.apple.product-type.bundle.unit-test";
		};
		15DB9DEF26926E860033356F /* FriendGuesserUITests */ = {
			isa = PBXNativeTarget;
			buildConfigurationList = 15DB9DFF26926E860033356F /* Build configuration list for PBXNativeTarget "FriendGuesserUITests" */;
			buildPhases = (
				15DB9DEC26926E860033356F /* Sources */,
				15DB9DED26926E860033356F /* Frameworks */,
				15DB9DEE26926E860033356F /* Resources */,
			);
			buildRules = (
			);
			dependencies = (
				15DB9DF226926E860033356F /* PBXTargetDependency */,
			);
			name = FriendGuesserUITests;
			productName = FriendGuesserUITests;
			productReference = 15DB9DF026926E860033356F /* FriendGuesserUITests.xctest */;
			productType = "com.apple.product-type.bundle.ui-testing";
		};
/* End PBXNativeTarget section */

/* Begin PBXProject section */
		15DB9DC726926E840033356F /* Project object */ = {
			isa = PBXProject;
			attributes = {
				LastSwiftUpdateCheck = 1250;
				LastUpgradeCheck = 1250;
				TargetAttributes = {
					15DB9DCE26926E840033356F = {
						CreatedOnToolsVersion = 12.5;
					};
					15DB9DE426926E850033356F = {
						CreatedOnToolsVersion = 12.5;
						TestTargetID = 15DB9DCE26926E840033356F;
					};
					15DB9DEF26926E860033356F = {
						CreatedOnToolsVersion = 12.5;
						TestTargetID = 15DB9DCE26926E840033356F;
					};
				};
			};
			buildConfigurationList = 15DB9DCA26926E840033356F /* Build configuration list for PBXProject "FriendGuesser" */;
			compatibilityVersion = "Xcode 9.3";
			developmentRegion = en;
			hasScannedForEncodings = 0;
			knownRegions = (
				en,
				Base,
			);
			mainGroup = 15DB9DC626926E840033356F;
			packageReferences = (
				155CEEF9269379010074CADD /* XCRemoteSwiftPackageReference "RxKeyboard" */,
				15D70AC52693BD9000E10BCD /* XCRemoteSwiftPackageReference "firebase-ios-sdk" */,
				15BD4AA4269F16BC00A72F5D /* XCRemoteSwiftPackageReference "MessageKit" */,
			);
			productRefGroup = 15DB9DD026926E840033356F /* Products */;
			projectDirPath = "";
			projectRoot = "";
			targets = (
				15DB9DCE26926E840033356F /* FriendGuesser */,
				15DB9DE426926E850033356F /* FriendGuesserTests */,
				15DB9DEF26926E860033356F /* FriendGuesserUITests */,
			);
		};
/* End PBXProject section */

/* Begin PBXResourcesBuildPhase section */
		15DB9DCD26926E840033356F /* Resources */ = {
			isa = PBXResourcesBuildPhase;
			buildActionMask = 2147483647;
			files = (
				158D18D326A060B600D506FA /* Nunito-Bold.ttf in Resources */,
				158D18D226A060B600D506FA /* Nunito-Regular.ttf in Resources */,
				15DB9DDF26926E850033356F /* LaunchScreen.storyboard in Resources */,
				15DB9E0526926F3C0033356F /* MessageCell.xib in Resources */,
				15D70AC22693BC1A00E10BCD /* GoogleService-Info.plist in Resources */,
				15DB9DDC26926E850033356F /* Assets.xcassets in Resources */,
				15DB9DDA26926E840033356F /* Main.storyboard in Resources */,
			);
			runOnlyForDeploymentPostprocessing = 0;
		};
		15DB9DE326926E850033356F /* Resources */ = {
			isa = PBXResourcesBuildPhase;
			buildActionMask = 2147483647;
			files = (
				15D70AC32693BC1A00E10BCD /* GoogleService-Info.plist in Resources */,
			);
			runOnlyForDeploymentPostprocessing = 0;
		};
		15DB9DEE26926E860033356F /* Resources */ = {
			isa = PBXResourcesBuildPhase;
			buildActionMask = 2147483647;
			files = (
				15D70AC42693BC1A00E10BCD /* GoogleService-Info.plist in Resources */,
			);
			runOnlyForDeploymentPostprocessing = 0;
		};
/* End PBXResourcesBuildPhase section */

/* Begin PBXSourcesBuildPhase section */
		15DB9DCB26926E840033356F /* Sources */ = {
			isa = PBXSourcesBuildPhase;
			buildActionMask = 2147483647;
			files = (
				155CEEFD26938D4E0074CADD /* UITableView+Extension.swift in Sources */,
				15D07D1C26972B320085C351 /* Network.swift in Sources */,
				15BB491026B1951100A9BD73 /* NetworkStorage.swift in Sources */,
				15DB9E0E26927FE60033356F /* UITableViewCell+Extension.swift in Sources */,
				15BD4AB1269F658F00A72F5D /* ChatViewDelegate.swift in Sources */,
				15BB491226B196FF00A9BD73 /* NetworkError.swift in Sources */,
				15DB9E10269288BD0033356F /* Animal.swift in Sources */,
				1567619826A357D70064431F /* Question.swift in Sources */,
				15DB9E09269270120033356F /* ChatVC.swift in Sources */,
				15AB4FD826B4B8BC0028099B /* ChatViewEvents.swift in Sources */,
				15BD4ABC269F9A5D00A72F5D /* CGSize+Extension.swift in Sources */,
				15B571BA2697A85100A9E425 /* ChatPresenter.swift in Sources */,
				15DB9DD726926E840033356F /* ViewController.swift in Sources */,
				155CEEF4269367CE0074CADD /* MessageBubble.swift in Sources */,
				15BD4AA8269F597E00A72F5D /* Player.swift in Sources */,
				15BD4AB6269F685100A72F5D /* ChatModelDelegate.swift in Sources */,
				15DB9E0326926F260033356F /* MessageCell.swift in Sources */,
				15BD4AAC269F5F8B00A72F5D /* ChatDataSource.swift in Sources */,
				1567619C26A35BEA0064431F /* QuestionPanGesture.swift in Sources */,
				15BD4AB3269F67F900A72F5D /* ChatPresenterEvents.swift in Sources */,
				15B571BD2697AD0000A9E425 /* UIDevice+Extension.swift in Sources */,
				15685D7A26A0B09300444AB0 /* Alerts.swift in Sources */,
				154D9DD726988E94004EAD5B /* ChatModel.swift in Sources */,
				15DB9DD326926E840033356F /* AppDelegate.swift in Sources */,
				15BD4AAE269F5FAF00A72F5D /* ChatMessageDisplay.swift in Sources */,
				15493FD626986803009B9ACA /* Message.swift in Sources */,
				15DB9E0726926FAF0033356F /* UIView+Extension.swift in Sources */,
				15BD4ABA269F994C00A72F5D /* ChatCellDelegate.swift in Sources */,
				15BD4AAA269F5F6A00A72F5D /* ChatInputBar.swift in Sources */,
				15BD4AB8269F6BC600A72F5D /* ChatViewLayout.swift in Sources */,
				15BD4ABE269FA8F100A72F5D /* AnimalView.swift in Sources */,
				15BB491626B1ACF000A9BD73 /* PresentationDelegatable.swift in Sources */,
				15DB9DD526926E840033356F /* SceneDelegate.swift in Sources */,
			);
			runOnlyForDeploymentPostprocessing = 0;
		};
		15DB9DE126926E850033356F /* Sources */ = {
			isa = PBXSourcesBuildPhase;
			buildActionMask = 2147483647;
			files = (
				15DB9DEA26926E850033356F /* FriendGuesserTests.swift in Sources */,
			);
			runOnlyForDeploymentPostprocessing = 0;
		};
		15DB9DEC26926E860033356F /* Sources */ = {
			isa = PBXSourcesBuildPhase;
			buildActionMask = 2147483647;
			files = (
				15DB9DF526926E860033356F /* FriendGuesserUITests.swift in Sources */,
			);
			runOnlyForDeploymentPostprocessing = 0;
		};
/* End PBXSourcesBuildPhase section */

/* Begin PBXTargetDependency section */
		15DB9DE726926E850033356F /* PBXTargetDependency */ = {
			isa = PBXTargetDependency;
			target = 15DB9DCE26926E840033356F /* FriendGuesser */;
			targetProxy = 15DB9DE626926E850033356F /* PBXContainerItemProxy */;
		};
		15DB9DF226926E860033356F /* PBXTargetDependency */ = {
			isa = PBXTargetDependency;
			target = 15DB9DCE26926E840033356F /* FriendGuesser */;
			targetProxy = 15DB9DF126926E860033356F /* PBXContainerItemProxy */;
		};
/* End PBXTargetDependency section */

/* Begin PBXVariantGroup section */
		15DB9DD826926E840033356F /* Main.storyboard */ = {
			isa = PBXVariantGroup;
			children = (
				15DB9DD926926E840033356F /* Base */,
			);
			name = Main.storyboard;
			sourceTree = "<group>";
		};
		15DB9DDD26926E850033356F /* LaunchScreen.storyboard */ = {
			isa = PBXVariantGroup;
			children = (
				15DB9DDE26926E850033356F /* Base */,
			);
			name = LaunchScreen.storyboard;
			sourceTree = "<group>";
		};
/* End PBXVariantGroup section */

/* Begin XCBuildConfiguration section */
		15DB9DF726926E860033356F /* Debug */ = {
			isa = XCBuildConfiguration;
			buildSettings = {
				ALWAYS_SEARCH_USER_PATHS = NO;
				CLANG_ANALYZER_NONNULL = YES;
				CLANG_ANALYZER_NUMBER_OBJECT_CONVERSION = YES_AGGRESSIVE;
				CLANG_CXX_LANGUAGE_STANDARD = "gnu++14";
				CLANG_CXX_LIBRARY = "libc++";
				CLANG_ENABLE_MODULES = YES;
				CLANG_ENABLE_OBJC_ARC = YES;
				CLANG_ENABLE_OBJC_WEAK = YES;
				CLANG_WARN_BLOCK_CAPTURE_AUTORELEASING = YES;
				CLANG_WARN_BOOL_CONVERSION = YES;
				CLANG_WARN_COMMA = YES;
				CLANG_WARN_CONSTANT_CONVERSION = YES;
				CLANG_WARN_DEPRECATED_OBJC_IMPLEMENTATIONS = YES;
				CLANG_WARN_DIRECT_OBJC_ISA_USAGE = YES_ERROR;
				CLANG_WARN_DOCUMENTATION_COMMENTS = YES;
				CLANG_WARN_EMPTY_BODY = YES;
				CLANG_WARN_ENUM_CONVERSION = YES;
				CLANG_WARN_INFINITE_RECURSION = YES;
				CLANG_WARN_INT_CONVERSION = YES;
				CLANG_WARN_NON_LITERAL_NULL_CONVERSION = YES;
				CLANG_WARN_OBJC_IMPLICIT_RETAIN_SELF = YES;
				CLANG_WARN_OBJC_LITERAL_CONVERSION = YES;
				CLANG_WARN_OBJC_ROOT_CLASS = YES_ERROR;
				CLANG_WARN_QUOTED_INCLUDE_IN_FRAMEWORK_HEADER = YES;
				CLANG_WARN_RANGE_LOOP_ANALYSIS = YES;
				CLANG_WARN_STRICT_PROTOTYPES = YES;
				CLANG_WARN_SUSPICIOUS_MOVE = YES;
				CLANG_WARN_UNGUARDED_AVAILABILITY = YES_AGGRESSIVE;
				CLANG_WARN_UNREACHABLE_CODE = YES;
				CLANG_WARN__DUPLICATE_METHOD_MATCH = YES;
				COPY_PHASE_STRIP = NO;
				DEBUG_INFORMATION_FORMAT = dwarf;
				ENABLE_STRICT_OBJC_MSGSEND = YES;
				ENABLE_TESTABILITY = YES;
				GCC_C_LANGUAGE_STANDARD = gnu11;
				GCC_DYNAMIC_NO_PIC = NO;
				GCC_NO_COMMON_BLOCKS = YES;
				GCC_OPTIMIZATION_LEVEL = 0;
				GCC_PREPROCESSOR_DEFINITIONS = (
					"DEBUG=1",
					"$(inherited)",
				);
				GCC_WARN_64_TO_32_BIT_CONVERSION = YES;
				GCC_WARN_ABOUT_RETURN_TYPE = YES_ERROR;
				GCC_WARN_UNDECLARED_SELECTOR = YES;
				GCC_WARN_UNINITIALIZED_AUTOS = YES_AGGRESSIVE;
				GCC_WARN_UNUSED_FUNCTION = YES;
				GCC_WARN_UNUSED_VARIABLE = YES;
				IPHONEOS_DEPLOYMENT_TARGET = 14.5;
				MTL_ENABLE_DEBUG_INFO = INCLUDE_SOURCE;
				MTL_FAST_MATH = YES;
				ONLY_ACTIVE_ARCH = YES;
				SDKROOT = iphoneos;
				SWIFT_ACTIVE_COMPILATION_CONDITIONS = DEBUG;
				SWIFT_OPTIMIZATION_LEVEL = "-Onone";
			};
			name = Debug;
		};
		15DB9DF826926E860033356F /* Release */ = {
			isa = XCBuildConfiguration;
			buildSettings = {
				ALWAYS_SEARCH_USER_PATHS = NO;
				CLANG_ANALYZER_NONNULL = YES;
				CLANG_ANALYZER_NUMBER_OBJECT_CONVERSION = YES_AGGRESSIVE;
				CLANG_CXX_LANGUAGE_STANDARD = "gnu++14";
				CLANG_CXX_LIBRARY = "libc++";
				CLANG_ENABLE_MODULES = YES;
				CLANG_ENABLE_OBJC_ARC = YES;
				CLANG_ENABLE_OBJC_WEAK = YES;
				CLANG_WARN_BLOCK_CAPTURE_AUTORELEASING = YES;
				CLANG_WARN_BOOL_CONVERSION = YES;
				CLANG_WARN_COMMA = YES;
				CLANG_WARN_CONSTANT_CONVERSION = YES;
				CLANG_WARN_DEPRECATED_OBJC_IMPLEMENTATIONS = YES;
				CLANG_WARN_DIRECT_OBJC_ISA_USAGE = YES_ERROR;
				CLANG_WARN_DOCUMENTATION_COMMENTS = YES;
				CLANG_WARN_EMPTY_BODY = YES;
				CLANG_WARN_ENUM_CONVERSION = YES;
				CLANG_WARN_INFINITE_RECURSION = YES;
				CLANG_WARN_INT_CONVERSION = YES;
				CLANG_WARN_NON_LITERAL_NULL_CONVERSION = YES;
				CLANG_WARN_OBJC_IMPLICIT_RETAIN_SELF = YES;
				CLANG_WARN_OBJC_LITERAL_CONVERSION = YES;
				CLANG_WARN_OBJC_ROOT_CLASS = YES_ERROR;
				CLANG_WARN_QUOTED_INCLUDE_IN_FRAMEWORK_HEADER = YES;
				CLANG_WARN_RANGE_LOOP_ANALYSIS = YES;
				CLANG_WARN_STRICT_PROTOTYPES = YES;
				CLANG_WARN_SUSPICIOUS_MOVE = YES;
				CLANG_WARN_UNGUARDED_AVAILABILITY = YES_AGGRESSIVE;
				CLANG_WARN_UNREACHABLE_CODE = YES;
				CLANG_WARN__DUPLICATE_METHOD_MATCH = YES;
				COPY_PHASE_STRIP = NO;
				DEBUG_INFORMATION_FORMAT = "dwarf-with-dsym";
				ENABLE_NS_ASSERTIONS = NO;
				ENABLE_STRICT_OBJC_MSGSEND = YES;
				GCC_C_LANGUAGE_STANDARD = gnu11;
				GCC_NO_COMMON_BLOCKS = YES;
				GCC_WARN_64_TO_32_BIT_CONVERSION = YES;
				GCC_WARN_ABOUT_RETURN_TYPE = YES_ERROR;
				GCC_WARN_UNDECLARED_SELECTOR = YES;
				GCC_WARN_UNINITIALIZED_AUTOS = YES_AGGRESSIVE;
				GCC_WARN_UNUSED_FUNCTION = YES;
				GCC_WARN_UNUSED_VARIABLE = YES;
				IPHONEOS_DEPLOYMENT_TARGET = 14.5;
				MTL_ENABLE_DEBUG_INFO = NO;
				MTL_FAST_MATH = YES;
				SDKROOT = iphoneos;
				SWIFT_COMPILATION_MODE = wholemodule;
				SWIFT_OPTIMIZATION_LEVEL = "-O";
				VALIDATE_PRODUCT = YES;
			};
			name = Release;
		};
		15DB9DFA26926E860033356F /* Debug */ = {
			isa = XCBuildConfiguration;
			buildSettings = {
				ASSETCATALOG_COMPILER_APPICON_NAME = AppIcon;
				ASSETCATALOG_COMPILER_GLOBAL_ACCENT_COLOR_NAME = AccentColor;
				CODE_SIGN_STYLE = Automatic;
				DEVELOPMENT_TEAM = ST2UTHBX5Z;
				GCC_OPTIMIZATION_LEVEL = 0;
				INFOPLIST_FILE = FriendGuesser/Info.plist;
				LD_RUNPATH_SEARCH_PATHS = (
					"$(inherited)",
					"@executable_path/Frameworks",
				);
				PRODUCT_BUNDLE_IDENTIFIER = com.petros.FriendGuesser;
				PRODUCT_NAME = "$(TARGET_NAME)";
				SWIFT_VERSION = 5.0;
				TARGETED_DEVICE_FAMILY = "1,2";
			};
			name = Debug;
		};
		15DB9DFB26926E860033356F /* Release */ = {
			isa = XCBuildConfiguration;
			buildSettings = {
				ASSETCATALOG_COMPILER_APPICON_NAME = AppIcon;
				ASSETCATALOG_COMPILER_GLOBAL_ACCENT_COLOR_NAME = AccentColor;
				CODE_SIGN_STYLE = Automatic;
				DEVELOPMENT_TEAM = ST2UTHBX5Z;
				GCC_OPTIMIZATION_LEVEL = 0;
				INFOPLIST_FILE = FriendGuesser/Info.plist;
				LD_RUNPATH_SEARCH_PATHS = (
					"$(inherited)",
					"@executable_path/Frameworks",
				);
				PRODUCT_BUNDLE_IDENTIFIER = com.petros.FriendGuesser;
				PRODUCT_NAME = "$(TARGET_NAME)";
				SWIFT_OPTIMIZATION_LEVEL = "-Onone";
				SWIFT_VERSION = 5.0;
				TARGETED_DEVICE_FAMILY = "1,2";
			};
			name = Release;
		};
		15DB9DFD26926E860033356F /* Debug */ = {
			isa = XCBuildConfiguration;
			buildSettings = {
				ALWAYS_EMBED_SWIFT_STANDARD_LIBRARIES = YES;
				BUNDLE_LOADER = "$(TEST_HOST)";
				CODE_SIGN_STYLE = Automatic;
				DEVELOPMENT_TEAM = ST2UTHBX5Z;
				INFOPLIST_FILE = FriendGuesserTests/Info.plist;
				IPHONEOS_DEPLOYMENT_TARGET = 14.5;
				LD_RUNPATH_SEARCH_PATHS = (
					"$(inherited)",
					"@executable_path/Frameworks",
					"@loader_path/Frameworks",
				);
				PRODUCT_BUNDLE_IDENTIFIER = com.petros.FriendGuesserTests;
				PRODUCT_NAME = "$(TARGET_NAME)";
				SWIFT_VERSION = 5.0;
				TARGETED_DEVICE_FAMILY = "1,2";
				TEST_HOST = "$(BUILT_PRODUCTS_DIR)/FriendGuesser.app/FriendGuesser";
			};
			name = Debug;
		};
		15DB9DFE26926E860033356F /* Release */ = {
			isa = XCBuildConfiguration;
			buildSettings = {
				ALWAYS_EMBED_SWIFT_STANDARD_LIBRARIES = YES;
				BUNDLE_LOADER = "$(TEST_HOST)";
				CODE_SIGN_STYLE = Automatic;
				DEVELOPMENT_TEAM = ST2UTHBX5Z;
				INFOPLIST_FILE = FriendGuesserTests/Info.plist;
				IPHONEOS_DEPLOYMENT_TARGET = 14.5;
				LD_RUNPATH_SEARCH_PATHS = (
					"$(inherited)",
					"@executable_path/Frameworks",
					"@loader_path/Frameworks",
				);
				PRODUCT_BUNDLE_IDENTIFIER = com.petros.FriendGuesserTests;
				PRODUCT_NAME = "$(TARGET_NAME)";
				SWIFT_VERSION = 5.0;
				TARGETED_DEVICE_FAMILY = "1,2";
				TEST_HOST = "$(BUILT_PRODUCTS_DIR)/FriendGuesser.app/FriendGuesser";
			};
			name = Release;
		};
		15DB9E0026926E860033356F /* Debug */ = {
			isa = XCBuildConfiguration;
			buildSettings = {
				ALWAYS_EMBED_SWIFT_STANDARD_LIBRARIES = YES;
				CODE_SIGN_STYLE = Automatic;
				DEVELOPMENT_TEAM = ST2UTHBX5Z;
				INFOPLIST_FILE = FriendGuesserUITests/Info.plist;
				LD_RUNPATH_SEARCH_PATHS = (
					"$(inherited)",
					"@executable_path/Frameworks",
					"@loader_path/Frameworks",
				);
				PRODUCT_BUNDLE_IDENTIFIER = com.petros.FriendGuesserUITests;
				PRODUCT_NAME = "$(TARGET_NAME)";
				SWIFT_VERSION = 5.0;
				TARGETED_DEVICE_FAMILY = "1,2";
				TEST_TARGET_NAME = FriendGuesser;
			};
			name = Debug;
		};
		15DB9E0126926E860033356F /* Release */ = {
			isa = XCBuildConfiguration;
			buildSettings = {
				ALWAYS_EMBED_SWIFT_STANDARD_LIBRARIES = YES;
				CODE_SIGN_STYLE = Automatic;
				DEVELOPMENT_TEAM = ST2UTHBX5Z;
				INFOPLIST_FILE = FriendGuesserUITests/Info.plist;
				LD_RUNPATH_SEARCH_PATHS = (
					"$(inherited)",
					"@executable_path/Frameworks",
					"@loader_path/Frameworks",
				);
				PRODUCT_BUNDLE_IDENTIFIER = com.petros.FriendGuesserUITests;
				PRODUCT_NAME = "$(TARGET_NAME)";
				SWIFT_VERSION = 5.0;
				TARGETED_DEVICE_FAMILY = "1,2";
				TEST_TARGET_NAME = FriendGuesser;
			};
			name = Release;
		};
/* End XCBuildConfiguration section */

/* Begin XCConfigurationList section */
		15DB9DCA26926E840033356F /* Build configuration list for PBXProject "FriendGuesser" */ = {
			isa = XCConfigurationList;
			buildConfigurations = (
				15DB9DF726926E860033356F /* Debug */,
				15DB9DF826926E860033356F /* Release */,
			);
			defaultConfigurationIsVisible = 0;
			defaultConfigurationName = Release;
		};
		15DB9DF926926E860033356F /* Build configuration list for PBXNativeTarget "FriendGuesser" */ = {
			isa = XCConfigurationList;
			buildConfigurations = (
				15DB9DFA26926E860033356F /* Debug */,
				15DB9DFB26926E860033356F /* Release */,
			);
			defaultConfigurationIsVisible = 0;
			defaultConfigurationName = Release;
		};
		15DB9DFC26926E860033356F /* Build configuration list for PBXNativeTarget "FriendGuesserTests" */ = {
			isa = XCConfigurationList;
			buildConfigurations = (
				15DB9DFD26926E860033356F /* Debug */,
				15DB9DFE26926E860033356F /* Release */,
			);
			defaultConfigurationIsVisible = 0;
			defaultConfigurationName = Release;
		};
		15DB9DFF26926E860033356F /* Build configuration list for PBXNativeTarget "FriendGuesserUITests" */ = {
			isa = XCConfigurationList;
			buildConfigurations = (
				15DB9E0026926E860033356F /* Debug */,
				15DB9E0126926E860033356F /* Release */,
			);
			defaultConfigurationIsVisible = 0;
			defaultConfigurationName = Release;
		};
/* End XCConfigurationList section */

/* Begin XCRemoteSwiftPackageReference section */
		155CEEF9269379010074CADD /* XCRemoteSwiftPackageReference "RxKeyboard" */ = {
			isa = XCRemoteSwiftPackageReference;
			repositoryURL = "https://github.com/RxSwiftCommunity/RxKeyboard";
			requirement = {
				kind = upToNextMajorVersion;
				minimumVersion = 2.0.0;
			};
		};
		15BD4AA4269F16BC00A72F5D /* XCRemoteSwiftPackageReference "MessageKit" */ = {
			isa = XCRemoteSwiftPackageReference;
			repositoryURL = "https://github.com/MessageKit/MessageKit";
			requirement = {
				kind = upToNextMajorVersion;
				minimumVersion = 3.0.0;
			};
		};
		15D70AC52693BD9000E10BCD /* XCRemoteSwiftPackageReference "firebase-ios-sdk" */ = {
			isa = XCRemoteSwiftPackageReference;
			repositoryURL = "https://github.com/firebase/firebase-ios-sdk.git";
			requirement = {
				kind = upToNextMajorVersion;
				minimumVersion = 7.0.0;
			};
		};
/* End XCRemoteSwiftPackageReference section */

/* Begin XCSwiftPackageProductDependency section */
		15BD4AA5269F16BD00A72F5D /* MessageKit */ = {
			isa = XCSwiftPackageProductDependency;
			package = 15BD4AA4269F16BC00A72F5D /* XCRemoteSwiftPackageReference "MessageKit" */;
			productName = MessageKit;
		};
		15D70AC62693BD9000E10BCD /* FirebaseAnalytics */ = {
			isa = XCSwiftPackageProductDependency;
			package = 15D70AC52693BD9000E10BCD /* XCRemoteSwiftPackageReference "firebase-ios-sdk" */;
			productName = FirebaseAnalytics;
		};
		15D70AC82693BD9000E10BCD /* FirebaseDatabase */ = {
			isa = XCSwiftPackageProductDependency;
			package = 15D70AC52693BD9000E10BCD /* XCRemoteSwiftPackageReference "firebase-ios-sdk" */;
			productName = FirebaseDatabase;
		};
		15D70ACA2693BD9000E10BCD /* FirebaseFirestore */ = {
			isa = XCSwiftPackageProductDependency;
			package = 15D70AC52693BD9000E10BCD /* XCRemoteSwiftPackageReference "firebase-ios-sdk" */;
			productName = FirebaseFirestore;
		};
		15D70ACC2693BD9000E10BCD /* FirebaseStorage */ = {
			isa = XCSwiftPackageProductDependency;
			package = 15D70AC52693BD9000E10BCD /* XCRemoteSwiftPackageReference "firebase-ios-sdk" */;
			productName = FirebaseStorage;
		};
		15D70ACF2693BFB100E10BCD /* FirebaseAuth */ = {
			isa = XCSwiftPackageProductDependency;
			package = 15D70AC52693BD9000E10BCD /* XCRemoteSwiftPackageReference "firebase-ios-sdk" */;
			productName = FirebaseAuth;
		};
/* End XCSwiftPackageProductDependency section */
	};
	rootObject = 15DB9DC726926E840033356F /* Project object */;
}
